Microsoft Visual Studio Solution File, Format Version 12.00
# Visual Studio 15
VisualStudioVersion = 15.0.26124.0
MinimumVisualStudioVersion = 15.0.26124.0
Project("{9A19103F-16F7-4668-BE54-9A1E7A4F7556}") = "Colorify", "Colorify\Colorify.csproj", "{17E39BBE-4F41-467C-869B-AB6C49FE9B31}"
EndProject
Project("{9A19103F-16F7-4668-BE54-9A1E7A4F7556}") = "Colorify.Tests", "Colorify.Tests\Colorify.Tests.csproj", "{751CE929-E106-4460-9FE7-20F7FC9DE513}"
EndProject
Project("{9A19103F-16F7-4668-BE54-9A1E7A4F7556}") = "Sample", "Sample\Sample.csproj", "{0E656762-4B78-422C-B4C0-936BAF637087}"
EndProject
Global
	GlobalSection(SolutionConfigurationPlatforms) = preSolution
		Debug|Any CPU = Debug|Any CPU
		Debug|x64 = Debug|x64
		Debug|x86 = Debug|x86
		Release|Any CPU = Release|Any CPU
		Release|x64 = Release|x64
		Release|x86 = Release|x86
	EndGlobalSection
	GlobalSection(ProjectConfigurationPlatforms) = postSolution
		{17E39BBE-4F41-467C-869B-AB6C49FE9B31}.Debug|Any CPU.ActiveCfg = Debug|Any CPU
		{17E39BBE-4F41-467C-869B-AB6C49FE9B31}.Debug|Any CPU.Build.0 = Debug|Any CPU
		{17E39BBE-4F41-467C-869B-AB6C49FE9B31}.Debug|x64.ActiveCfg = Debug|Any CPU
		{17E39BBE-4F41-467C-869B-AB6C49FE9B31}.Debug|x64.Build.0 = Debug|Any CPU
		{17E39BBE-4F41-467C-869B-AB6C49FE9B31}.Debug|x86.ActiveCfg = Debug|Any CPU
		{17E39BBE-4F41-467C-869B-AB6C49FE9B31}.Debug|x86.Build.0 = Debug|Any CPU
		{17E39BBE-4F41-467C-869B-AB6C49FE9B31}.Release|Any CPU.ActiveCfg = Release|Any CPU
		{17E39BBE-4F41-467C-869B-AB6C49FE9B31}.Release|Any CPU.Build.0 = Release|Any CPU
		{17E39BBE-4F41-467C-869B-AB6C49FE9B31}.Release|x64.ActiveCfg = Release|Any CPU
		{17E39BBE-4F41-467C-869B-AB6C49FE9B31}.Release|x64.Build.0 = Release|Any CPU
		{17E39BBE-4F41-467C-869B-AB6C49FE9B31}.Release|x86.ActiveCfg = Release|Any CPU
		{17E39BBE-4F41-467C-869B-AB6C49FE9B31}.Release|x86.Build.0 = Release|Any CPU
		{751CE929-E106-4460-9FE7-20F7FC9DE513}.Debug|Any CPU.ActiveCfg = Debug|Any CPU
		{751CE929-E106-4460-9FE7-20F7FC9DE513}.Debug|Any CPU.Build.0 = Debug|Any CPU
		{751CE929-E106-4460-9FE7-20F7FC9DE513}.Debug|x64.ActiveCfg = Debug|Any CPU
		{751CE929-E106-4460-9FE7-20F7FC9DE513}.Debug|x64.Build.0 = Debug|Any CPU
		{751CE929-E106-4460-9FE7-20F7FC9DE513}.Debug|x86.ActiveCfg = Debug|Any CPU
		{751CE929-E106-4460-9FE7-20F7FC9DE513}.Debug|x86.Build.0 = Debug|Any CPU
		{751CE929-E106-4460-9FE7-20F7FC9DE513}.Release|Any CPU.ActiveCfg = Release|Any CPU
		{751CE929-E106-4460-9FE7-20F7FC9DE513}.Release|Any CPU.Build.0 = Release|Any CPU
		{751CE929-E106-4460-9FE7-20F7FC9DE513}.Release|x64.ActiveCfg = Release|Any CPU
		{751CE929-E106-4460-9FE7-20F7FC9DE513}.Release|x64.Build.0 = Release|Any CPU
		{751CE929-E106-4460-9FE7-20F7FC9DE513}.Release|x86.ActiveCfg = Release|Any CPU
		{751CE929-E106-4460-9FE7-20F7FC9DE513}.Release|x86.Build.0 = Release|Any CPU
		{0E656762-4B78-422C-B4C0-936BAF637087}.Debug|Any CPU.ActiveCfg = Debug|Any CPU
		{0E656762-4B78-422C-B4C0-936BAF637087}.Debug|Any CPU.Build.0 = Debug|Any CPU
		{0E656762-4B78-422C-B4C0-936BAF637087}.Debug|x64.ActiveCfg = Debug|Any CPU
		{0E656762-4B78-422C-B4C0-936BAF637087}.Debug|x64.Build.0 = Debug|Any CPU
		{0E656762-4B78-422C-B4C0-936BAF637087}.Debug|x86.ActiveCfg = Debug|Any CPU
		{0E656762-4B78-422C-B4C0-936BAF637087}.Debug|x86.Build.0 = Debug|Any CPU
		{0E656762-4B78-422C-B4C0-936BAF637087}.Release|Any CPU.ActiveCfg = Release|Any CPU
		{0E656762-4B78-422C-B4C0-936BAF637087}.Release|Any CPU.Build.0 = Release|Any CPU
		{0E656762-4B78-422C-B4C0-936BAF637087}.Release|x64.ActiveCfg = Release|Any CPU
		{0E656762-4B78-422C-B4C0-936BAF637087}.Release|x64.Build.0 = Release|Any CPU
		{0E656762-4B78-422C-B4C0-936BAF637087}.Release|x86.ActiveCfg = Release|Any CPU
		{0E656762-4B78-422C-B4C0-936BAF637087}.Release|x86.Build.0 = Release|Any CPU
	EndGlobalSection
	GlobalSection(SolutionProperties) = preSolution
		HideSolutionNode = FALSE
	EndGlobalSection
	GlobalSection(ExtensibilityGlobals) = postSolution
		SolutionGuid = {0DF0FD50-B190-44A3-9598-574206AC83E0}
	EndGlobalSection
EndGlobal
